{
  "name": "graph-app-kit",
  "version": "1.0.0",
  "lockfileVersion": 1,
  "requires": true,
  "dependencies": {
    "harmony-reflect": {
      "version": "1.5.1",
      "resolved":
        "https://neo.jfrog.io/neo/api/npm/npm/harmony-reflect/-/harmony-reflect-1.5.1.tgz",
      "integrity": "sha1-tUymF7AMyK71Wbuxez2FQx3H4yk=",
      "dev": true
    },
    "identity-obj-proxy": {
      "version": "3.0.0",
      "resolved":
        "https://neo.jfrog.io/neo/api/npm/npm/identity-obj-proxy/-/identity-obj-proxy-3.0.0.tgz",
      "integrity": "sha1-lNK9qWCERT7zb7xarsN+D3nx/BQ=",
      "dev": true,
      "requires": {
        "harmony-reflect": "1.5.1"
      }
    }
  }
}
